# This file is automatically @generated by Poetry 1.8.2 and should not be changed by hand.

[[package]]
name = "faker"
version = "37.4.0"
description = "Faker is a Python package that generates fake data for you."
optional = false
python-versions = ">=3.9"
files = [
    {file = "faker-37.4.0-py3-none-any.whl", hash = "sha256:cb81c09ebe06c32a10971d1bbdb264bb0e22b59af59548f011ac4809556ce533"},
    {file = "faker-37.4.0.tar.gz", hash = "sha256:7f69d579588c23d5ce671f3fa872654ede0e67047820255f43a4aa1925b89780"},
]

[package.dependencies]
tzdata = "*"

[[package]]
name = "tzdata"
version = "2025.2"
description = "Provider of IANA time zone data"
optional = false
python-versions = ">=2"
files = [
    {file = "tzdata-2025.2-py2.py3-none-any.whl", hash = "sha256:1a403fada01ff9221ca8044d701868fa132215d84beb92242d9acd2147f667a8"},
    {file = "tzdata-2025.2.tar.gz", hash = "sha256:b60a638fcc0daffadf82fe0f57e53d06bdec2f36c4df66280ae79bce6bd6f2b9"},
]

[metadata]
lock-version = "2.0"
python-versions = "^3.12"
content-hash = "9dfb31700f9f70135da98c3bae22f68d4870d8ea43237a63aedfcfb282fdfea7"
